// !$*UTF8*$!
{
	archiveVersion = 1;
	classes = {
	};
	objectVersion = 51;
	objects = {

/* Begin PBXBuildFile section */
		6A102615267D35C600C34D2B /* HeaderView.swift in Sources */ = {isa = PBXBuildFile; fileRef = 6A102614267D35C600C34D2B /* HeaderView.swift */; };
		6A10261D267DF81F00C34D2B /* ContentViewModel.swift in Sources */ = {isa = PBXBuildFile; fileRef = 6A10261C267DF81F00C34D2B /* ContentViewModel.swift */; };
		6A1476E12677965600D12BFE /* CurrencyPickerView.swift in Sources */ = {isa = PBXBuildFile; fileRef = 6A1476E02677965600D12BFE /* CurrencyPickerView.swift */; };
		6A19FD38267CF3E400BC8978 /* Extentions.swift in Sources */ = {isa = PBXBuildFile; fileRef = 6A19FD37267CF3E400BC8978 /* Extentions.swift */; };
		6A2F7DF526726B50006F8856 /* XCurrencyApp.swift in Sources */ = {isa = PBXBuildFile; fileRef = 6A2F7DF426726B50006F8856 /* XCurrencyApp.swift */; };
		6A2F7DF726726B50006F8856 /* ContentView.swift in Sources */ = {isa = PBXBuildFile; fileRef = 6A2F7DF626726B50006F8856 /* ContentView.swift */; };
		6A2F7DF926726B54006F8856 /* Assets.xcassets in Resources */ = {isa = PBXBuildFile; fileRef = 6A2F7DF826726B54006F8856 /* Assets.xcassets */; };
		6A2F7DFC26726B54006F8856 /* Preview Assets.xcassets in Resources */ = {isa = PBXBuildFile; fileRef = 6A2F7DFB26726B54006F8856 /* Preview Assets.xcassets */; };
		6A81781926726E93000EF520 /* Data.swift in Sources */ = {isa = PBXBuildFile; fileRef = 6A81781826726E93000EF520 /* Data.swift */; };
		6A81781B26726F84000EF520 /* StartButtonView.swift in Sources */ = {isa = PBXBuildFile; fileRef = 6A81781A26726F84000EF520 /* StartButtonView.swift */; };
		6A81781D26727008000EF520 /* WelcomingCardView.swift in Sources */ = {isa = PBXBuildFile; fileRef = 6A81781C26727008000EF520 /* WelcomingCardView.swift */; };
		6A81781F26727A94000EF520 /* OnBoardingView.swift in Sources */ = {isa = PBXBuildFile; fileRef = 6A81781E26727A94000EF520 /* OnBoardingView.swift */; };
		6AFE2766267F7A8000E75AE0 /* CurrencyPickerViewModel.swift in Sources */ = {isa = PBXBuildFile; fileRef = 6AFE2765267F7A8000E75AE0 /* CurrencyPickerViewModel.swift */; };
		EDEA9A8E666242C304E004C2 /* Pods_XCurrency.framework in Frameworks */ = {isa = PBXBuildFile; fileRef = 2F367D126C8B09DC0D574866 /* Pods_XCurrency.framework */; };
/* End PBXBuildFile section */

/* Begin PBXFileReference section */
		032A37CA7D303354398D82E6 /* Pods-XCurrency.release.xcconfig */ = {isa = PBXFileReference; includeInIndex = 1; lastKnownFileType = text.xcconfig; name = "Pods-XCurrency.release.xcconfig"; path = "Target Support Files/Pods-XCurrency/Pods-XCurrency.release.xcconfig"; sourceTree = "<group>"; };
		2F367D126C8B09DC0D574866 /* Pods_XCurrency.framework */ = {isa = PBXFileReference; explicitFileType = wrapper.framework; includeInIndex = 0; path = Pods_XCurrency.framework; sourceTree = BUILT_PRODUCTS_DIR; };
		6A102614267D35C600C34D2B /* HeaderView.swift */ = {isa = PBXFileReference; lastKnownFileType = sourcecode.swift; path = HeaderView.swift; sourceTree = "<group>"; };
		6A10261C267DF81F00C34D2B /* ContentViewModel.swift */ = {isa = PBXFileReference; lastKnownFileType = sourcecode.swift; path = ContentViewModel.swift; sourceTree = "<group>"; };
		6A1476E02677965600D12BFE /* CurrencyPickerView.swift */ = {isa = PBXFileReference; lastKnownFileType = sourcecode.swift; path = CurrencyPickerView.swift; sourceTree = "<group>"; };
		6A19FD37267CF3E400BC8978 /* Extentions.swift */ = {isa = PBXFileReference; lastKnownFileType = sourcecode.swift; path = Extentions.swift; sourceTree = "<group>"; };
		6A2F7DF126726B50006F8856 /* XCurrency.app */ = {isa = PBXFileReference; explicitFileType = wrapper.application; includeInIndex = 0; path = XCurrency.app; sourceTree = BUILT_PRODUCTS_DIR; };
		6A2F7DF426726B50006F8856 /* XCurrencyApp.swift */ = {isa = PBXFileReference; lastKnownFileType = sourcecode.swift; path = XCurrencyApp.swift; sourceTree = "<group>"; };
		6A2F7DF626726B50006F8856 /* ContentView.swift */ = {isa = PBXFileReference; lastKnownFileType = sourcecode.swift; path = ContentView.swift; sourceTree = "<group>"; };
		6A2F7DF826726B54006F8856 /* Assets.xcassets */ = {isa = PBXFileReference; lastKnownFileType = folder.assetcatalog; path = Assets.xcassets; sourceTree = "<group>"; };
		6A2F7DFB26726B54006F8856 /* Preview Assets.xcassets */ = {isa = PBXFileReference; lastKnownFileType = folder.assetcatalog; path = "Preview Assets.xcassets"; sourceTree = "<group>"; };
		6A2F7DFD26726B54006F8856 /* Info.plist */ = {isa = PBXFileReference; lastKnownFileType = text.plist.xml; path = Info.plist; sourceTree = "<group>"; };
		6A81781826726E93000EF520 /* Data.swift */ = {isa = PBXFileReference; lastKnownFileType = sourcecode.swift; path = Data.swift; sourceTree = "<group>"; };
		6A81781A26726F84000EF520 /* StartButtonView.swift */ = {isa = PBXFileReference; lastKnownFileType = sourcecode.swift; path = StartButtonView.swift; sourceTree = "<group>"; };
		6A81781C26727008000EF520 /* WelcomingCardView.swift */ = {isa = PBXFileReference; lastKnownFileType = sourcecode.swift; path = WelcomingCardView.swift; sourceTree = "<group>"; };
		6A81781E26727A94000EF520 /* OnBoardingView.swift */ = {isa = PBXFileReference; lastKnownFileType = sourcecode.swift; path = OnBoardingView.swift; sourceTree = "<group>"; };
		6AFE2765267F7A8000E75AE0 /* CurrencyPickerViewModel.swift */ = {isa = PBXFileReference; lastKnownFileType = sourcecode.swift; path = CurrencyPickerViewModel.swift; sourceTree = "<group>"; };
		890ED6936AC341AA5D8A3664 /* Pods-XCurrency.debug.xcconfig */ = {isa = PBXFileReference; includeInIndex = 1; lastKnownFileType = text.xcconfig; name = "Pods-XCurrency.debug.xcconfig"; path = "Target Support Files/Pods-XCurrency/Pods-XCurrency.debug.xcconfig"; sourceTree = "<group>"; };
/* End PBXFileReference section */

/* Begin PBXFrameworksBuildPhase section */
		6A2F7DEE26726B50006F8856 /* Frameworks */ = {
			isa = PBXFrameworksBuildPhase;
			buildActionMask = 2147483647;
			files = (
				EDEA9A8E666242C304E004C2 /* Pods_XCurrency.framework in Frameworks */,
			);
			runOnlyForDeploymentPostprocessing = 0;
		};
/* End PBXFrameworksBuildPhase section */

/* Begin PBXGroup section */
		108B4D93569238A048891A21 /* Frameworks */ = {
			isa = PBXGroup;
			children = (
				2F367D126C8B09DC0D574866 /* Pods_XCurrency.framework */,
			);
			name = Frameworks;
			sourceTree = "<group>";
		};
		6A102618267DF7DC00C34D2B /* ViewModels */ = {
			isa = PBXGroup;
			children = (
				6A10261C267DF81F00C34D2B /* ContentViewModel.swift */,
				6AFE2765267F7A8000E75AE0 /* CurrencyPickerViewModel.swift */,
			);
			path = ViewModels;
			sourceTree = "<group>";
		};
		6A19FD36267CF3AD00BC8978 /* Extensions */ = {
			isa = PBXGroup;
			children = (
				6A19FD37267CF3E400BC8978 /* Extentions.swift */,
			);
			path = Extensions;
			sourceTree = "<group>";
		};
		6A2F7DE826726B50006F8856 = {
			isa = PBXGroup;
			children = (
				6A2F7DF326726B50006F8856 /* XCurrency */,
				6A2F7DF226726B50006F8856 /* Products */,
				B8A70EC9C326675251F458E2 /* Pods */,
				108B4D93569238A048891A21 /* Frameworks */,
			);
			sourceTree = "<group>";
		};
		6A2F7DF226726B50006F8856 /* Products */ = {
			isa = PBXGroup;
			children = (
				6A2F7DF126726B50006F8856 /* XCurrency.app */,
			);
			name = Products;
			sourceTree = "<group>";
		};
		6A2F7DF326726B50006F8856 /* XCurrency */ = {
			isa = PBXGroup;
			children = (
				6A102618267DF7DC00C34D2B /* ViewModels */,
				6A81781626726E74000EF520 /* App */,
				6A81781726726E79000EF520 /* View */,
				6A81781526726E6D000EF520 /* Data */,
				6A2F7DF826726B54006F8856 /* Assets.xcassets */,
				6A2F7DFD26726B54006F8856 /* Info.plist */,
				6A2F7DFA26726B54006F8856 /* Preview Content */,
			);
			path = XCurrency;
			sourceTree = "<group>";
		};
		6A2F7DFA26726B54006F8856 /* Preview Content */ = {
			isa = PBXGroup;
			children = (
				6A2F7DFB26726B54006F8856 /* Preview Assets.xcassets */,
			);
			path = "Preview Content";
			sourceTree = "<group>";
		};
		6A81781526726E6D000EF520 /* Data */ = {
			isa = PBXGroup;
			children = (
				6A81781826726E93000EF520 /* Data.swift */,
			);
			path = Data;
			sourceTree = "<group>";
		};
		6A81781626726E74000EF520 /* App */ = {
			isa = PBXGroup;
			children = (
				6A2F7DF426726B50006F8856 /* XCurrencyApp.swift */,
				6A2F7DF626726B50006F8856 /* ContentView.swift */,
				6A1476E02677965600D12BFE /* CurrencyPickerView.swift */,
				6A81781E26727A94000EF520 /* OnBoardingView.swift */,
			);
			path = App;
			sourceTree = "<group>";
		};
		6A81781726726E79000EF520 /* View */ = {
			isa = PBXGroup;
			children = (
				6A19FD36267CF3AD00BC8978 /* Extensions */,
				6A81781A26726F84000EF520 /* StartButtonView.swift */,
				6A81781C26727008000EF520 /* WelcomingCardView.swift */,
				6A102614267D35C600C34D2B /* HeaderView.swift */,
			);
			path = View;
			sourceTree = "<group>";
		};
		B8A70EC9C326675251F458E2 /* Pods */ = {
			isa = PBXGroup;
			children = (
				890ED6936AC341AA5D8A3664 /* Pods-XCurrency.debug.xcconfig */,
				032A37CA7D303354398D82E6 /* Pods-XCurrency.release.xcconfig */,
			);
			path = Pods;
			sourceTree = "<group>";
		};
/* End PBXGroup section */

/* Begin PBXNativeTarget section */
		6A2F7DF026726B50006F8856 /* XCurrency */ = {
			isa = PBXNativeTarget;
			buildConfigurationList = 6A2F7E0026726B54006F8856 /* Build configuration list for PBXNativeTarget "XCurrency" */;
			buildPhases = (
				136E771B777990BABE071B0D /* [CP] Check Pods Manifest.lock */,
				6A2F7DED26726B50006F8856 /* Sources */,
				6A2F7DEE26726B50006F8856 /* Frameworks */,
				6A2F7DEF26726B50006F8856 /* Resources */,
				1DBC8D1E1F1470AB04E44C6A /* [CP] Embed Pods Frameworks */,
			);
			buildRules = (
			);
			dependencies = (
			);
			name = XCurrency;
			productName = XCurrency;
			productReference = 6A2F7DF126726B50006F8856 /* XCurrency.app */;
			productType = "com.apple.product-type.application";
		};
/* End PBXNativeTarget section */

/* Begin PBXProject section */
		6A2F7DE926726B50006F8856 /* Project object */ = {
			isa = PBXProject;
			attributes = {
				LastSwiftUpdateCheck = 1250;
				LastUpgradeCheck = 1250;
				TargetAttributes = {
					6A2F7DF026726B50006F8856 = {
						CreatedOnToolsVersion = 12.5;
					};
				};
			};
			buildConfigurationList = 6A2F7DEC26726B50006F8856 /* Build configuration list for PBXProject "XCurrency" */;
			compatibilityVersion = "Xcode 9.3";
			developmentRegion = en;
			hasScannedForEncodings = 0;
			knownRegions = (
				en,
				Base,
			);
			mainGroup = 6A2F7DE826726B50006F8856;
			productRefGroup = 6A2F7DF226726B50006F8856 /* Products */;
			projectDirPath = "";
			projectRoot = "";
			targets = (
				6A2F7DF026726B50006F8856 /* XCurrency */,
			);
		};
/* End PBXProject section */

/* Begin PBXResourcesBuildPhase section */
		6A2F7DEF26726B50006F8856 /* Resources */ = {
			isa = PBXResourcesBuildPhase;
			buildActionMask = 2147483647;
			files = (
				6A2F7DFC26726B54006F8856 /* Preview Assets.xcassets in Resources */,
				6A2F7DF926726B54006F8856 /* Assets.xcassets in Resources */,
			);
			runOnlyForDeploymentPostprocessing = 0;
		};
/* End PBXResourcesBuildPhase section */

/* Begin PBXShellScriptBuildPhase section */
		136E771B777990BABE071B0D /* [CP] Check Pods Manifest.lock */ = {
			isa = PBXShellScriptBuildPhase;
			buildActionMask = 2147483647;
			files = (
			);
			inputFileListPaths = (
			);
			inputPaths = (
				"${PODS_PODFILE_DIR_PATH}/Podfile.lock",
				"${PODS_ROOT}/Manifest.lock",
			);
			name = "[CP] Check Pods Manifest.lock";
			outputFileListPaths = (
			);
			outputPaths = (
				"$(DERIVED_FILE_DIR)/Pods-XCurrency-checkManifestLockResult.txt",
			);
			runOnlyForDeploymentPostprocessing = 0;
			shellPath = /bin/sh;
			shellScript = "diff \"${PODS_PODFILE_DIR_PATH}/Podfile.lock\" \"${PODS_ROOT}/Manifest.lock\" > /dev/null\nif [ $? != 0 ] ; then\n    # print error to STDERR\n    echo \"error: The sandbox is not in sync with the Podfile.lock. Run 'pod install' or update your CocoaPods installation.\" >&2\n    exit 1\nfi\n# This output is used by Xcode 'outputs' to avoid re-running this script phase.\necho \"SUCCESS\" > \"${SCRIPT_OUTPUT_FILE_0}\"\n";
			showEnvVarsInLog = 0;
		};
		1DBC8D1E1F1470AB04E44C6A /* [CP] Embed Pods Frameworks */ = {
			isa = PBXShellScriptBuildPhase;
			buildActionMask = 2147483647;
			files = (
			);
			inputFileListPaths = (
				"${PODS_ROOT}/Target Support Files/Pods-XCurrency/Pods-XCurrency-frameworks-${CONFIGURATION}-input-files.xcfilelist",
			);
			name = "[CP] Embed Pods Frameworks";
			outputFileListPaths = (
				"${PODS_ROOT}/Target Support Files/Pods-XCurrency/Pods-XCurrency-frameworks-${CONFIGURATION}-output-files.xcfilelist",
			);
			runOnlyForDeploymentPostprocessing = 0;
			shellPath = /bin/sh;
			shellScript = "\"${PODS_ROOT}/Target Support Files/Pods-XCurrency/Pods-XCurrency-frameworks.sh\"\n";
			showEnvVarsInLog = 0;
		};
/* End PBXShellScriptBuildPhase section */

/* Begin PBXSourcesBuildPhase section */
		6A2F7DED26726B50006F8856 /* Sources */ = {
			isa = PBXSourcesBuildPhase;
			buildActionMask = 2147483647;
			files = (
				6A2F7DF726726B50006F8856 /* ContentView.swift in Sources */,
				6AFE2766267F7A8000E75AE0 /* CurrencyPickerViewModel.swift in Sources */,
				6A102615267D35C600C34D2B /* HeaderView.swift in Sources */,
				6A81781B26726F84000EF520 /* StartButtonView.swift in Sources */,
				6A81781926726E93000EF520 /* Data.swift in Sources */,
				6A10261D267DF81F00C34D2B /* ContentViewModel.swift in Sources */,
				6A81781F26727A94000EF520 /* OnBoardingView.swift in Sources */,
				6A19FD38267CF3E400BC8978 /* Extentions.swift in Sources */,
				6A81781D26727008000EF520 /* WelcomingCardView.swift in Sources */,
				6A2F7DF526726B50006F8856 /* XCurrencyApp.swift in Sources */,
				6A1476E12677965600D12BFE /* CurrencyPickerView.swift in Sources */,
			);
			runOnlyForDeploymentPostprocessing = 0;
		};
/* End PBXSourcesBuildPhase section */

/* Begin XCBuildConfiguration section */
		6A2F7DFE26726B54006F8856 /* Debug */ = {
			isa = XCBuildConfiguration;
			buildSettings = {
				ALWAYS_SEARCH_USER_PATHS = NO;
				CLANG_ANALYZER_NONNULL = YES;
				CLANG_ANALYZER_NUMBER_OBJECT_CONVERSION = YES_AGGRESSIVE;
				CLANG_CXX_LANGUAGE_STANDARD = "gnu++14";
				CLANG_CXX_LIBRARY = "libc++";
				CLANG_ENABLE_MODULES = YES;
				CLANG_ENABLE_OBJC_ARC = YES;
				CLANG_ENABLE_OBJC_WEAK = YES;
				CLANG_WARN_BLOCK_CAPTURE_AUTORELEASING = YES;
				CLANG_WARN_BOOL_CONVERSION = YES;
				CLANG_WARN_COMMA = YES;
				CLANG_WARN_CONSTANT_CONVERSION = YES;
				CLANG_WARN_DEPRECATED_OBJC_IMPLEMENTATIONS = YES;
				CLANG_WARN_DIRECT_OBJC_ISA_USAGE = YES_ERROR;
				CLANG_WARN_DOCUMENTATION_COMMENTS = YES;
				CLANG_WARN_EMPTY_BODY = YES;
				CLANG_WARN_ENUM_CONVERSION = YES;
				CLANG_WARN_INFINITE_RECURSION = YES;
				CLANG_WARN_INT_CONVERSION = YES;
				CLANG_WARN_NON_LITERAL_NULL_CONVERSION = YES;
				CLANG_WARN_OBJC_IMPLICIT_RETAIN_SELF = YES;
				CLANG_WARN_OBJC_LITERAL_CONVERSION = YES;
				CLANG_WARN_OBJC_ROOT_CLASS = YES_ERROR;
				CLANG_WARN_QUOTED_INCLUDE_IN_FRAMEWORK_HEADER = YES;
				CLANG_WARN_RANGE_LOOP_ANALYSIS = YES;
				CLANG_WARN_STRICT_PROTOTYPES = YES;
				CLANG_WARN_SUSPICIOUS_MOVE = YES;
				CLANG_WARN_UNGUARDED_AVAILABILITY = YES_AGGRESSIVE;
				CLANG_WARN_UNREACHABLE_CODE = YES;
				CLANG_WARN__DUPLICATE_METHOD_MATCH = YES;
				COPY_PHASE_STRIP = NO;
				DEBUG_INFORMATION_FORMAT = dwarf;
				ENABLE_STRICT_OBJC_MSGSEND = YES;
				ENABLE_TESTABILITY = YES;
				GCC_C_LANGUAGE_STANDARD = gnu11;
				GCC_DYNAMIC_NO_PIC = NO;
				GCC_NO_COMMON_BLOCKS = YES;
				GCC_OPTIMIZATION_LEVEL = 0;
				GCC_PREPROCESSOR_DEFINITIONS = (
					"DEBUG=1",
					"$(inherited)",
				);
				GCC_WARN_64_TO_32_BIT_CONVERSION = YES;
				GCC_WARN_ABOUT_RETURN_TYPE = YES_ERROR;
				GCC_WARN_UNDECLARED_SELECTOR = YES;
				GCC_WARN_UNINITIALIZED_AUTOS = YES_AGGRESSIVE;
				GCC_WARN_UNUSED_FUNCTION = YES;
				GCC_WARN_UNUSED_VARIABLE = YES;
				IPHONEOS_DEPLOYMENT_TARGET = 14.5;
				MTL_ENABLE_DEBUG_INFO = INCLUDE_SOURCE;
				MTL_FAST_MATH = YES;
				ONLY_ACTIVE_ARCH = YES;
				SDKROOT = iphoneos;
				SWIFT_ACTIVE_COMPILATION_CONDITIONS = DEBUG;
				SWIFT_OPTIMIZATION_LEVEL = "-Onone";
			};
			name = Debug;
		};
		6A2F7DFF26726B54006F8856 /* Release */ = {
			isa = XCBuildConfiguration;
			buildSettings = {
				ALWAYS_SEARCH_USER_PATHS = NO;
				CLANG_ANALYZER_NONNULL = YES;
				CLANG_ANALYZER_NUMBER_OBJECT_CONVERSION = YES_AGGRESSIVE;
				CLANG_CXX_LANGUAGE_STANDARD = "gnu++14";
				CLANG_CXX_LIBRARY = "libc++";
				CLANG_ENABLE_MODULES = YES;
				CLANG_ENABLE_OBJC_ARC = YES;
				CLANG_ENABLE_OBJC_WEAK = YES;
				CLANG_WARN_BLOCK_CAPTURE_AUTORELEASING = YES;
				CLANG_WARN_BOOL_CONVERSION = YES;
				CLANG_WARN_COMMA = YES;
				CLANG_WARN_CONSTANT_CONVERSION = YES;
				CLANG_WARN_DEPRECATED_OBJC_IMPLEMENTATIONS = YES;
				CLANG_WARN_DIRECT_OBJC_ISA_USAGE = YES_ERROR;
				CLANG_WARN_DOCUMENTATION_COMMENTS = YES;
				CLANG_WARN_EMPTY_BODY = YES;
				CLANG_WARN_ENUM_CONVERSION = YES;
				CLANG_WARN_INFINITE_RECURSION = YES;
				CLANG_WARN_INT_CONVERSION = YES;
				CLANG_WARN_NON_LITERAL_NULL_CONVERSION = YES;
				CLANG_WARN_OBJC_IMPLICIT_RETAIN_SELF = YES;
				CLANG_WARN_OBJC_LITERAL_CONVERSION = YES;
				CLANG_WARN_OBJC_ROOT_CLASS = YES_ERROR;
				CLANG_WARN_QUOTED_INCLUDE_IN_FRAMEWORK_HEADER = YES;
				CLANG_WARN_RANGE_LOOP_ANALYSIS = YES;
				CLANG_WARN_STRICT_PROTOTYPES = YES;
				CLANG_WARN_SUSPICIOUS_MOVE = YES;
				CLANG_WARN_UNGUARDED_AVAILABILITY = YES_AGGRESSIVE;
				CLANG_WARN_UNREACHABLE_CODE = YES;
				CLANG_WARN__DUPLICATE_METHOD_MATCH = YES;
				COPY_PHASE_STRIP = NO;
				DEBUG_INFORMATION_FORMAT = "dwarf-with-dsym";
				ENABLE_NS_ASSERTIONS = NO;
				ENABLE_STRICT_OBJC_MSGSEND = YES;
				GCC_C_LANGUAGE_STANDARD = gnu11;
				GCC_NO_COMMON_BLOCKS = YES;
				GCC_WARN_64_TO_32_BIT_CONVERSION = YES;
				GCC_WARN_ABOUT_RETURN_TYPE = YES_ERROR;
				GCC_WARN_UNDECLARED_SELECTOR = YES;
				GCC_WARN_UNINITIALIZED_AUTOS = YES_AGGRESSIVE;
				GCC_WARN_UNUSED_FUNCTION = YES;
				GCC_WARN_UNUSED_VARIABLE = YES;
				IPHONEOS_DEPLOYMENT_TARGET = 14.5;
				MTL_ENABLE_DEBUG_INFO = NO;
				MTL_FAST_MATH = YES;
				SDKROOT = iphoneos;
				SWIFT_COMPILATION_MODE = wholemodule;
				SWIFT_OPTIMIZATION_LEVEL = "-O";
				VALIDATE_PRODUCT = YES;
			};
			name = Release;
		};
		6A2F7E0126726B54006F8856 /* Debug */ = {
			isa = XCBuildConfiguration;
			baseConfigurationReference = 890ED6936AC341AA5D8A3664 /* Pods-XCurrency.debug.xcconfig */;
			buildSettings = {
				ASSETCATALOG_COMPILER_APPICON_NAME = AppIcon;
				ASSETCATALOG_COMPILER_GLOBAL_ACCENT_COLOR_NAME = AccentColor;
				CODE_SIGN_STYLE = Automatic;
				DEVELOPMENT_ASSET_PATHS = "\"XCurrency/Preview Content\"";
				DEVELOPMENT_TEAM = G34J8SADKW;
				ENABLE_PREVIEWS = YES;
				INFOPLIST_FILE = XCurrency/Info.plist;
				IPHONEOS_DEPLOYMENT_TARGET = 14.0;
				LD_RUNPATH_SEARCH_PATHS = (
					"$(inherited)",
					"@executable_path/Frameworks",
				);
				PRODUCT_BUNDLE_IDENTIFIER = com.ubaidillah.XCurrency;
				PRODUCT_NAME = "$(TARGET_NAME)";
				SWIFT_VERSION = 5.0;
				TARGETED_DEVICE_FAMILY = "1,2";
			};
			name = Debug;
		};
		6A2F7E0226726B54006F8856 /* Release */ = {
			isa = XCBuildConfiguration;
			baseConfigurationReference = 032A37CA7D303354398D82E6 /* Pods-XCurrency.release.xcconfig */;
			buildSettings = {
				ASSETCATALOG_COMPILER_APPICON_NAME = AppIcon;
				ASSETCATALOG_COMPILER_GLOBAL_ACCENT_COLOR_NAME = AccentColor;
				CODE_SIGN_STYLE = Automatic;
				DEVELOPMENT_ASSET_PATHS = "\"XCurrency/Preview Content\"";
				DEVELOPMENT_TEAM = G34J8SADKW;
				ENABLE_PREVIEWS = YES;
				INFOPLIST_FILE = XCurrency/Info.plist;
				IPHONEOS_DEPLOYMENT_TARGET = 14.0;
				LD_RUNPATH_SEARCH_PATHS = (
					"$(inherited)",
					"@executable_path/Frameworks",
				);
				PRODUCT_BUNDLE_IDENTIFIER = com.ubaidillah.XCurrency;
				PRODUCT_NAME = "$(TARGET_NAME)";
				SWIFT_VERSION = 5.0;
				TARGETED_DEVICE_FAMILY = "1,2";
			};
			name = Release;
		};
/* End XCBuildConfiguration section */

/* Begin XCConfigurationList section */
		6A2F7DEC26726B50006F8856 /* Build configuration list for PBXProject "XCurrency" */ = {
			isa = XCConfigurationList;
			buildConfigurations = (
				6A2F7DFE26726B54006F8856 /* Debug */,
				6A2F7DFF26726B54006F8856 /* Release */,
			);
			defaultConfigurationIsVisible = 0;
			defaultConfigurationName = Release;
		};
		6A2F7E0026726B54006F8856 /* Build configuration list for PBXNativeTarget "XCurrency" */ = {
			isa = XCConfigurationList;
			buildConfigurations = (
				6A2F7E0126726B54006F8856 /* Debug */,
				6A2F7E0226726B54006F8856 /* Release */,
			);
			defaultConfigurationIsVisible = 0;
			defaultConfigurationName = Release;
		};
/* End XCConfigurationList section */
	};
	rootObject = 6A2F7DE926726B50006F8856 /* Project object */;
}
